
Microsoft Visual Studio Solution File, Format Version 12.00
# Visual Studio Version 17
VisualStudioVersion = 17.1.32421.90
MinimumVisualStudioVersion = 10.0.40219.1
Project("{FAE04EC0-301F-11D3-BF4B-00C04F79EFBC}") = "TallerMicroservicioAPISimple", "TallerMicroservicioAPISimple\TallerMicroservicioAPISimple.csproj", "{138738F1-42B4-4269-9702-1FB914354539}"
EndProject
Global
	GlobalSection(SolutionConfigurationPlatforms) = preSolution
		Debug|Any CPU = Debug|Any CPU
		Release|Any CPU = Release|Any CPU
	EndGlobalSection
	GlobalSection(ProjectConfigurationPlatforms) = postSolution
		{138738F1-42B4-4269-9702-1FB914354539}.Debug|Any CPU.ActiveCfg = Debug|Any CPU
		{138738F1-42B4-4269-9702-1FB914354539}.Debug|Any CPU.Build.0 = Debug|Any CPU
		{138738F1-42B4-4269-9702-1FB914354539}.Release|Any CPU.ActiveCfg = Release|Any CPU
		{138738F1-42B4-4269-9702-1FB914354539}.Release|Any CPU.Build.0 = Release|Any CPU
	EndGlobalSection
	GlobalSection(SolutionProperties) = preSolution
		HideSolutionNode = FALSE
	EndGlobalSection
	GlobalSection(ExtensibilityGlobals) = postSolution
		SolutionGuid = {E63DC26B-F7E1-499A-9909-ED3B837C7334}
	EndGlobalSection
EndGlobal
